
Microsoft Visual Studio Solution File, Format Version 12.00
# Visual Studio Version 17
VisualStudioVersion = 17.0.31606.5
MinimumVisualStudioVersion = 10.0.40219.1
Project("{9A19103F-16F7-4668-BE54-9A1E7A4F7556}") = "t.Server", "t.Server\t.Server.csproj", "{B58532B2-2CA1-4A5D-BE3B-58EE14A11BBC}"
EndProject
Project("{9A19103F-16F7-4668-BE54-9A1E7A4F7556}") = "t.lib", "t.lib\t.lib.csproj", "{E10D0248-46D2-43CC-9B2D-A0FF11180210}"
EndProject
Project("{9A19103F-16F7-4668-BE54-9A1E7A4F7556}") = "t.Client", "t.client\t.Client.csproj", "{0914EEA3-8244-4238-A65A-E6B6CD44D1E2}"
EndProject
Project("{FAE04EC0-301F-11D3-BF4B-00C04F79EFBC}") = "t.TestProject1", "t.TestProject1\t.TestProject1.csproj", "{FFAE4509-506C-43DC-BEF7-96CD6BC8248B}"
EndProject
Global
	GlobalSection(SolutionConfigurationPlatforms) = preSolution
		Debug|Any CPU = Debug|Any CPU
		Release|Any CPU = Release|Any CPU
	EndGlobalSection
	GlobalSection(ProjectConfigurationPlatforms) = postSolution
		{B58532B2-2CA1-4A5D-BE3B-58EE14A11BBC}.Debug|Any CPU.ActiveCfg = Debug|Any CPU
		{B58532B2-2CA1-4A5D-BE3B-58EE14A11BBC}.Debug|Any CPU.Build.0 = Debug|Any CPU
		{B58532B2-2CA1-4A5D-BE3B-58EE14A11BBC}.Release|Any CPU.ActiveCfg = Release|Any CPU
		{B58532B2-2CA1-4A5D-BE3B-58EE14A11BBC}.Release|Any CPU.Build.0 = Release|Any CPU
		{E10D0248-46D2-43CC-9B2D-A0FF11180210}.Debug|Any CPU.ActiveCfg = Debug|Any CPU
		{E10D0248-46D2-43CC-9B2D-A0FF11180210}.Debug|Any CPU.Build.0 = Debug|Any CPU
		{E10D0248-46D2-43CC-9B2D-A0FF11180210}.Release|Any CPU.ActiveCfg = Release|Any CPU
		{E10D0248-46D2-43CC-9B2D-A0FF11180210}.Release|Any CPU.Build.0 = Release|Any CPU
		{0914EEA3-8244-4238-A65A-E6B6CD44D1E2}.Debug|Any CPU.ActiveCfg = Debug|Any CPU
		{0914EEA3-8244-4238-A65A-E6B6CD44D1E2}.Debug|Any CPU.Build.0 = Debug|Any CPU
		{0914EEA3-8244-4238-A65A-E6B6CD44D1E2}.Release|Any CPU.ActiveCfg = Release|Any CPU
		{0914EEA3-8244-4238-A65A-E6B6CD44D1E2}.Release|Any CPU.Build.0 = Release|Any CPU
		{FFAE4509-506C-43DC-BEF7-96CD6BC8248B}.Debug|Any CPU.ActiveCfg = Debug|Any CPU
		{FFAE4509-506C-43DC-BEF7-96CD6BC8248B}.Debug|Any CPU.Build.0 = Debug|Any CPU
		{FFAE4509-506C-43DC-BEF7-96CD6BC8248B}.Release|Any CPU.ActiveCfg = Release|Any CPU
		{FFAE4509-506C-43DC-BEF7-96CD6BC8248B}.Release|Any CPU.Build.0 = Release|Any CPU
	EndGlobalSection
	GlobalSection(SolutionProperties) = preSolution
		HideSolutionNode = FALSE
	EndGlobalSection
	GlobalSection(ExtensibilityGlobals) = postSolution
		SolutionGuid = {E4DE54C6-CE75-447A-9626-3CDB60D1E2DF}
	EndGlobalSection
EndGlobal
